# THIS IS AN AUTOGENERATED FILE. DO NOT EDIT THIS FILE DIRECTLY.
# yarn lockfile v1


react-timestamp@^5.0.0:
  version "5.0.0"
  resolved "https://registry.yarnpkg.com/react-timestamp/-/react-timestamp-5.0.0.tgz#9469ae05713c01a4785dc2d12f9e6a84bd62bd25"
  integrity sha512-Ig+LbeJn1BhGrGNh8qlbI0r4QcX/8BBphlmKF1w0HGEtBFR4Ge3NIASNm5TmsxPujUHgAKjgf0bnMD2LKdhGcQ==
